// !$*UTF8*$!
{
	archiveVersion = 1;
	classes = {
	};
	objectVersion = 56;
	objects = {

/* Begin PBXBuildFile section */
		ABDE6F432C761892000B51AD /* LIRModels.swift in Sources */ = {isa = PBXBuildFile; fileRef = ABDE6F2B2C761892000B51AD /* LIRModels.swift */; };
		ABDE6F442C761892000B51AD /* LocationInformationRequest.swift in Sources */ = {isa = PBXBuildFile; fileRef = ABDE6F2C2C761892000B51AD /* LocationInformationRequest.swift */; };
		ABDE6F452C761892000B51AD /* TriasRequest.swift in Sources */ = {isa = PBXBuildFile; fileRef = ABDE6F2E2C761892000B51AD /* TriasRequest.swift */; };
		ABDE6F462C761892000B51AD /* LocationInformationResponse.swift in Sources */ = {isa = PBXBuildFile; fileRef = ABDE6F302C761892000B51AD /* LocationInformationResponse.swift */; };
		ABDE6F472C761892000B51AD /* LocationResult.swift in Sources */ = {isa = PBXBuildFile; fileRef = ABDE6F312C761892000B51AD /* LocationResult.swift */; };
		ABDE6F482C761892000B51AD /* TriasResponse.swift in Sources */ = {isa = PBXBuildFile; fileRef = ABDE6F332C761892000B51AD /* TriasResponse.swift */; };
		ABDE6F492C761892000B51AD /* TriasResponseModels.swift in Sources */ = {isa = PBXBuildFile; fileRef = ABDE6F342C761892000B51AD /* TriasResponseModels.swift */; };
		ABDE6F4A2C761892000B51AD /* TriasClient.swift in Sources */ = {isa = PBXBuildFile; fileRef = ABDE6F362C761892000B51AD /* TriasClient.swift */; };
		ABDE6F4B2C761892000B51AD /* TriasClientModels.swift in Sources */ = {isa = PBXBuildFile; fileRef = ABDE6F372C761892000B51AD /* TriasClientModels.swift */; };
		ABDE6F4C2C761892000B51AD /* LWUnwrappingOverlay.swift in Sources */ = {isa = PBXBuildFile; fileRef = ABDE6F3A2C761892000B51AD /* LWUnwrappingOverlay.swift */; };
		ABDE6F4D2C761892000B51AD /* Preview Assets.xcassets in Resources */ = {isa = PBXBuildFile; fileRef = ABDE6F3C2C761892000B51AD /* Preview Assets.xcassets */; };
		ABDE6F4E2C761892000B51AD /* Assets.xcassets in Resources */ = {isa = PBXBuildFile; fileRef = ABDE6F3E2C761892000B51AD /* Assets.xcassets */; };
		ABDE6F4F2C761892000B51AD /* InformatikGFS.swift in Sources */ = {isa = PBXBuildFile; fileRef = ABDE6F3F2C761892000B51AD /* InformatikGFS.swift */; };
		ABDE6F512C761892000B51AD /* LWNavigatorApp.swift in Sources */ = {isa = PBXBuildFile; fileRef = ABDE6F412C761892000B51AD /* LWNavigatorApp.swift */; };
/* End PBXBuildFile section */

/* Begin PBXFileReference section */
		ABDE6F2B2C761892000B51AD /* LIRModels.swift */ = {isa = PBXFileReference; fileEncoding = 4; lastKnownFileType = sourcecode.swift; path = LIRModels.swift; sourceTree = "<group>"; };
		ABDE6F2C2C761892000B51AD /* LocationInformationRequest.swift */ = {isa = PBXFileReference; fileEncoding = 4; lastKnownFileType = sourcecode.swift; path = LocationInformationRequest.swift; sourceTree = "<group>"; };
		ABDE6F2E2C761892000B51AD /* TriasRequest.swift */ = {isa = PBXFileReference; fileEncoding = 4; lastKnownFileType = sourcecode.swift; path = TriasRequest.swift; sourceTree = "<group>"; };
		ABDE6F302C761892000B51AD /* LocationInformationResponse.swift */ = {isa = PBXFileReference; fileEncoding = 4; lastKnownFileType = sourcecode.swift; path = LocationInformationResponse.swift; sourceTree = "<group>"; };
		ABDE6F312C761892000B51AD /* LocationResult.swift */ = {isa = PBXFileReference; fileEncoding = 4; lastKnownFileType = sourcecode.swift; path = LocationResult.swift; sourceTree = "<group>"; };
		ABDE6F332C761892000B51AD /* TriasResponse.swift */ = {isa = PBXFileReference; fileEncoding = 4; lastKnownFileType = sourcecode.swift; path = TriasResponse.swift; sourceTree = "<group>"; };
		ABDE6F342C761892000B51AD /* TriasResponseModels.swift */ = {isa = PBXFileReference; fileEncoding = 4; lastKnownFileType = sourcecode.swift; path = TriasResponseModels.swift; sourceTree = "<group>"; };
		ABDE6F362C761892000B51AD /* TriasClient.swift */ = {isa = PBXFileReference; fileEncoding = 4; lastKnownFileType = sourcecode.swift; path = TriasClient.swift; sourceTree = "<group>"; };
		ABDE6F372C761892000B51AD /* TriasClientModels.swift */ = {isa = PBXFileReference; fileEncoding = 4; lastKnownFileType = sourcecode.swift; path = TriasClientModels.swift; sourceTree = "<group>"; };
		ABDE6F3A2C761892000B51AD /* LWUnwrappingOverlay.swift */ = {isa = PBXFileReference; fileEncoding = 4; lastKnownFileType = sourcecode.swift; path = LWUnwrappingOverlay.swift; sourceTree = "<group>"; };
		ABDE6F3C2C761892000B51AD /* Preview Assets.xcassets */ = {isa = PBXFileReference; lastKnownFileType = folder.assetcatalog; path = "Preview Assets.xcassets"; sourceTree = "<group>"; };
		ABDE6F3E2C761892000B51AD /* Assets.xcassets */ = {isa = PBXFileReference; lastKnownFileType = folder.assetcatalog; path = Assets.xcassets; sourceTree = "<group>"; };
		ABDE6F3F2C761892000B51AD /* InformatikGFS.swift */ = {isa = PBXFileReference; fileEncoding = 4; lastKnownFileType = sourcecode.swift; path = InformatikGFS.swift; sourceTree = "<group>"; };
		ABDE6F412C761892000B51AD /* LWNavigatorApp.swift */ = {isa = PBXFileReference; fileEncoding = 4; lastKnownFileType = sourcecode.swift; path = LWNavigatorApp.swift; sourceTree = "<group>"; };
		ABE4834D29B91CF500609E99 /* LWNavigator.app */ = {isa = PBXFileReference; explicitFileType = wrapper.application; includeInIndex = 0; path = LWNavigator.app; sourceTree = BUILT_PRODUCTS_DIR; };
/* End PBXFileReference section */

/* Begin PBXFrameworksBuildPhase section */
		ABE4834A29B91CF500609E99 /* Frameworks */ = {
			isa = PBXFrameworksBuildPhase;
			buildActionMask = 2147483647;
			files = (
			);
			runOnlyForDeploymentPostprocessing = 0;
		};
/* End PBXFrameworksBuildPhase section */

/* Begin PBXGroup section */
		ABDE6F2D2C761892000B51AD /* LocationInformation */ = {
			isa = PBXGroup;
			children = (
				ABDE6F2B2C761892000B51AD /* LIRModels.swift */,
				ABDE6F2C2C761892000B51AD /* LocationInformationRequest.swift */,
			);
			path = LocationInformation;
			sourceTree = "<group>";
		};
		ABDE6F2F2C761892000B51AD /* Requests */ = {
			isa = PBXGroup;
			children = (
				ABDE6F2D2C761892000B51AD /* LocationInformation */,
				ABDE6F2E2C761892000B51AD /* TriasRequest.swift */,
			);
			path = Requests;
			sourceTree = "<group>";
		};
		ABDE6F322C761892000B51AD /* LocationInformation */ = {
			isa = PBXGroup;
			children = (
				ABDE6F302C761892000B51AD /* LocationInformationResponse.swift */,
				ABDE6F312C761892000B51AD /* LocationResult.swift */,
			);
			path = LocationInformation;
			sourceTree = "<group>";
		};
		ABDE6F352C761892000B51AD /* Responses */ = {
			isa = PBXGroup;
			children = (
				ABDE6F322C761892000B51AD /* LocationInformation */,
				ABDE6F332C761892000B51AD /* TriasResponse.swift */,
				ABDE6F342C761892000B51AD /* TriasResponseModels.swift */,
			);
			path = Responses;
			sourceTree = "<group>";
		};
		ABDE6F382C761892000B51AD /* Trias */ = {
			isa = PBXGroup;
			children = (
				ABDE6F2F2C761892000B51AD /* Requests */,
				ABDE6F352C761892000B51AD /* Responses */,
				ABDE6F362C761892000B51AD /* TriasClient.swift */,
				ABDE6F372C761892000B51AD /* TriasClientModels.swift */,
			);
			path = Trias;
			sourceTree = "<group>";
		};
		ABDE6F392C761892000B51AD /* Clients */ = {
			isa = PBXGroup;
			children = (
				ABDE6F382C761892000B51AD /* Trias */,
			);
			path = Clients;
			sourceTree = "<group>";
		};
		ABDE6F3B2C761892000B51AD /* Helpers */ = {
			isa = PBXGroup;
			children = (
				ABDE6F3A2C761892000B51AD /* LWUnwrappingOverlay.swift */,
			);
			path = Helpers;
			sourceTree = "<group>";
		};
		ABDE6F3D2C761892000B51AD /* Preview Content */ = {
			isa = PBXGroup;
			children = (
				ABDE6F3C2C761892000B51AD /* Preview Assets.xcassets */,
			);
			path = "Preview Content";
			sourceTree = "<group>";
		};
		ABDE6F422C761892000B51AD /* LWNavigator */ = {
			isa = PBXGroup;
			children = (
				ABDE6F412C761892000B51AD /* LWNavigatorApp.swift */,
				ABDE6F3F2C761892000B51AD /* InformatikGFS.swift */,
				ABDE6F392C761892000B51AD /* Clients */,
				ABDE6F3B2C761892000B51AD /* Helpers */,
				ABDE6F3D2C761892000B51AD /* Preview Content */,
				ABDE6F3E2C761892000B51AD /* Assets.xcassets */,
			);
			path = LWNavigator;
			sourceTree = "<group>";
		};
		ABE4834429B91CF500609E99 = {
			isa = PBXGroup;
			children = (
				ABDE6F422C761892000B51AD /* LWNavigator */,
				ABE4834E29B91CF500609E99 /* Products */,
			);
			sourceTree = "<group>";
		};
		ABE4834E29B91CF500609E99 /* Products */ = {
			isa = PBXGroup;
			children = (
				ABE4834D29B91CF500609E99 /* LWNavigator.app */,
			);
			name = Products;
			sourceTree = "<group>";
		};
/* End PBXGroup section */

/* Begin PBXNativeTarget section */
		ABE4834C29B91CF500609E99 /* LWNavigator */ = {
			isa = PBXNativeTarget;
			buildConfigurationList = ABE4835B29B91CF700609E99 /* Build configuration list for PBXNativeTarget "LWNavigator" */;
			buildPhases = (
				ABE4834929B91CF500609E99 /* Sources */,
				ABE4834A29B91CF500609E99 /* Frameworks */,
				ABE4834B29B91CF500609E99 /* Resources */,
			);
			buildRules = (
			);
			dependencies = (
			);
			name = LWNavigator;
			productName = "LWNavigator MKII";
			productReference = ABE4834D29B91CF500609E99 /* LWNavigator.app */;
			productType = "com.apple.product-type.application";
		};
/* End PBXNativeTarget section */

/* Begin PBXProject section */
		ABE4834529B91CF500609E99 /* Project object */ = {
			isa = PBXProject;
			attributes = {
				BuildIndependentTargetsInParallel = 1;
				LastSwiftUpdateCheck = 1420;
				LastUpgradeCheck = 1420;
				TargetAttributes = {
					ABE4834C29B91CF500609E99 = {
						CreatedOnToolsVersion = 14.2;
					};
				};
			};
			buildConfigurationList = ABE4834829B91CF500609E99 /* Build configuration list for PBXProject "LWNavigator" */;
			compatibilityVersion = "Xcode 14.0";
			developmentRegion = en;
			hasScannedForEncodings = 0;
			knownRegions = (
				en,
				Base,
			);
			mainGroup = ABE4834429B91CF500609E99;
			productRefGroup = ABE4834E29B91CF500609E99 /* Products */;
			projectDirPath = "";
			projectRoot = "";
			targets = (
				ABE4834C29B91CF500609E99 /* LWNavigator */,
			);
		};
/* End PBXProject section */

/* Begin PBXResourcesBuildPhase section */
		ABE4834B29B91CF500609E99 /* Resources */ = {
			isa = PBXResourcesBuildPhase;
			buildActionMask = 2147483647;
			files = (
				ABDE6F4D2C761892000B51AD /* Preview Assets.xcassets in Resources */,
				ABDE6F4E2C761892000B51AD /* Assets.xcassets in Resources */,
			);
			runOnlyForDeploymentPostprocessing = 0;
		};
/* End PBXResourcesBuildPhase section */

/* Begin PBXSourcesBuildPhase section */
		ABE4834929B91CF500609E99 /* Sources */ = {
			isa = PBXSourcesBuildPhase;
			buildActionMask = 2147483647;
			files = (
				ABDE6F512C761892000B51AD /* LWNavigatorApp.swift in Sources */,
				ABDE6F4F2C761892000B51AD /* InformatikGFS.swift in Sources */,
				ABDE6F482C761892000B51AD /* TriasResponse.swift in Sources */,
				ABDE6F472C761892000B51AD /* LocationResult.swift in Sources */,
				ABDE6F4B2C761892000B51AD /* TriasClientModels.swift in Sources */,
				ABDE6F432C761892000B51AD /* LIRModels.swift in Sources */,
				ABDE6F452C761892000B51AD /* TriasRequest.swift in Sources */,
				ABDE6F4A2C761892000B51AD /* TriasClient.swift in Sources */,
				ABDE6F4C2C761892000B51AD /* LWUnwrappingOverlay.swift in Sources */,
				ABDE6F442C761892000B51AD /* LocationInformationRequest.swift in Sources */,
				ABDE6F462C761892000B51AD /* LocationInformationResponse.swift in Sources */,
				ABDE6F492C761892000B51AD /* TriasResponseModels.swift in Sources */,
			);
			runOnlyForDeploymentPostprocessing = 0;
		};
/* End PBXSourcesBuildPhase section */

/* Begin XCBuildConfiguration section */
		ABE4835929B91CF700609E99 /* Debug */ = {
			isa = XCBuildConfiguration;
			buildSettings = {
				ALWAYS_SEARCH_USER_PATHS = NO;
				CLANG_ANALYZER_NONNULL = YES;
				CLANG_ANALYZER_NUMBER_OBJECT_CONVERSION = YES_AGGRESSIVE;
				CLANG_CXX_LANGUAGE_STANDARD = "gnu++20";
				CLANG_ENABLE_MODULES = YES;
				CLANG_ENABLE_OBJC_ARC = YES;
				CLANG_ENABLE_OBJC_WEAK = YES;
				CLANG_WARN_BLOCK_CAPTURE_AUTORELEASING = YES;
				CLANG_WARN_BOOL_CONVERSION = YES;
				CLANG_WARN_COMMA = YES;
				CLANG_WARN_CONSTANT_CONVERSION = YES;
				CLANG_WARN_DEPRECATED_OBJC_IMPLEMENTATIONS = YES;
				CLANG_WARN_DIRECT_OBJC_ISA_USAGE = YES_ERROR;
				CLANG_WARN_DOCUMENTATION_COMMENTS = YES;
				CLANG_WARN_EMPTY_BODY = YES;
				CLANG_WARN_ENUM_CONVERSION = YES;
				CLANG_WARN_INFINITE_RECURSION = YES;
				CLANG_WARN_INT_CONVERSION = YES;
				CLANG_WARN_NON_LITERAL_NULL_CONVERSION = YES;
				CLANG_WARN_OBJC_IMPLICIT_RETAIN_SELF = YES;
				CLANG_WARN_OBJC_LITERAL_CONVERSION = YES;
				CLANG_WARN_OBJC_ROOT_CLASS = YES_ERROR;
				CLANG_WARN_QUOTED_INCLUDE_IN_FRAMEWORK_HEADER = YES;
				CLANG_WARN_RANGE_LOOP_ANALYSIS = YES;
				CLANG_WARN_STRICT_PROTOTYPES = YES;
				CLANG_WARN_SUSPICIOUS_MOVE = YES;
				CLANG_WARN_UNGUARDED_AVAILABILITY = YES_AGGRESSIVE;
				CLANG_WARN_UNREACHABLE_CODE = YES;
				CLANG_WARN__DUPLICATE_METHOD_MATCH = YES;
				COPY_PHASE_STRIP = NO;
				DEBUG_INFORMATION_FORMAT = dwarf;
				ENABLE_STRICT_OBJC_MSGSEND = YES;
				ENABLE_TESTABILITY = YES;
				GCC_C_LANGUAGE_STANDARD = gnu11;
				GCC_DYNAMIC_NO_PIC = NO;
				GCC_NO_COMMON_BLOCKS = YES;
				GCC_OPTIMIZATION_LEVEL = 0;
				GCC_PREPROCESSOR_DEFINITIONS = (
					"DEBUG=1",
					"$(inherited)",
				);
				GCC_WARN_64_TO_32_BIT_CONVERSION = YES;
				GCC_WARN_ABOUT_RETURN_TYPE = YES_ERROR;
				GCC_WARN_UNDECLARED_SELECTOR = YES;
				GCC_WARN_UNINITIALIZED_AUTOS = YES_AGGRESSIVE;
				GCC_WARN_UNUSED_FUNCTION = YES;
				GCC_WARN_UNUSED_VARIABLE = YES;
				IPHONEOS_DEPLOYMENT_TARGET = 16.4;
				MTL_ENABLE_DEBUG_INFO = INCLUDE_SOURCE;
				MTL_FAST_MATH = YES;
				ONLY_ACTIVE_ARCH = YES;
				SDKROOT = iphoneos;
				SWIFT_ACTIVE_COMPILATION_CONDITIONS = DEBUG;
				SWIFT_OPTIMIZATION_LEVEL = "-Onone";
			};
			name = Debug;
		};
		ABE4835A29B91CF700609E99 /* Release */ = {
			isa = XCBuildConfiguration;
			buildSettings = {
				ALWAYS_SEARCH_USER_PATHS = NO;
				CLANG_ANALYZER_NONNULL = YES;
				CLANG_ANALYZER_NUMBER_OBJECT_CONVERSION = YES_AGGRESSIVE;
				CLANG_CXX_LANGUAGE_STANDARD = "gnu++20";
				CLANG_ENABLE_MODULES = YES;
				CLANG_ENABLE_OBJC_ARC = YES;
				CLANG_ENABLE_OBJC_WEAK = YES;
				CLANG_WARN_BLOCK_CAPTURE_AUTORELEASING = YES;
				CLANG_WARN_BOOL_CONVERSION = YES;
				CLANG_WARN_COMMA = YES;
				CLANG_WARN_CONSTANT_CONVERSION = YES;
				CLANG_WARN_DEPRECATED_OBJC_IMPLEMENTATIONS = YES;
				CLANG_WARN_DIRECT_OBJC_ISA_USAGE = YES_ERROR;
				CLANG_WARN_DOCUMENTATION_COMMENTS = YES;
				CLANG_WARN_EMPTY_BODY = YES;
				CLANG_WARN_ENUM_CONVERSION = YES;
				CLANG_WARN_INFINITE_RECURSION = YES;
				CLANG_WARN_INT_CONVERSION = YES;
				CLANG_WARN_NON_LITERAL_NULL_CONVERSION = YES;
				CLANG_WARN_OBJC_IMPLICIT_RETAIN_SELF = YES;
				CLANG_WARN_OBJC_LITERAL_CONVERSION = YES;
				CLANG_WARN_OBJC_ROOT_CLASS = YES_ERROR;
				CLANG_WARN_QUOTED_INCLUDE_IN_FRAMEWORK_HEADER = YES;
				CLANG_WARN_RANGE_LOOP_ANALYSIS = YES;
				CLANG_WARN_STRICT_PROTOTYPES = YES;
				CLANG_WARN_SUSPICIOUS_MOVE = YES;
				CLANG_WARN_UNGUARDED_AVAILABILITY = YES_AGGRESSIVE;
				CLANG_WARN_UNREACHABLE_CODE = YES;
				CLANG_WARN__DUPLICATE_METHOD_MATCH = YES;
				COPY_PHASE_STRIP = NO;
				DEBUG_INFORMATION_FORMAT = "dwarf-with-dsym";
				ENABLE_NS_ASSERTIONS = NO;
				ENABLE_STRICT_OBJC_MSGSEND = YES;
				GCC_C_LANGUAGE_STANDARD = gnu11;
				GCC_NO_COMMON_BLOCKS = YES;
				GCC_WARN_64_TO_32_BIT_CONVERSION = YES;
				GCC_WARN_ABOUT_RETURN_TYPE = YES_ERROR;
				GCC_WARN_UNDECLARED_SELECTOR = YES;
				GCC_WARN_UNINITIALIZED_AUTOS = YES_AGGRESSIVE;
				GCC_WARN_UNUSED_FUNCTION = YES;
				GCC_WARN_UNUSED_VARIABLE = YES;
				IPHONEOS_DEPLOYMENT_TARGET = 16.4;
				MTL_ENABLE_DEBUG_INFO = NO;
				MTL_FAST_MATH = YES;
				SDKROOT = iphoneos;
				SWIFT_COMPILATION_MODE = wholemodule;
				SWIFT_OPTIMIZATION_LEVEL = "-O";
				VALIDATE_PRODUCT = YES;
			};
			name = Release;
		};
		ABE4835C29B91CF700609E99 /* Debug */ = {
			isa = XCBuildConfiguration;
			buildSettings = {
				ASSETCATALOG_COMPILER_APPICON_NAME = AppIcon;
				ASSETCATALOG_COMPILER_GLOBAL_ACCENT_COLOR_NAME = AccentColor;
				CODE_SIGN_STYLE = Automatic;
				CURRENT_PROJECT_VERSION = 1;
				DEVELOPMENT_ASSET_PATHS = "\"LWNavigator MKII/Preview Content\"";
				DEVELOPMENT_TEAM = D385MXT68Z;
				ENABLE_PREVIEWS = YES;
				GENERATE_INFOPLIST_FILE = YES;
				INFOPLIST_KEY_NSLocationWhenInUseUsageDescription = "This App needs your location data for presenting the map";
				INFOPLIST_KEY_UIApplicationSceneManifest_Generation = YES;
				INFOPLIST_KEY_UIApplicationSupportsIndirectInputEvents = YES;
				INFOPLIST_KEY_UILaunchScreen_Generation = YES;
				INFOPLIST_KEY_UISupportedInterfaceOrientations = UIInterfaceOrientationPortrait;
				INFOPLIST_KEY_UISupportedInterfaceOrientations_iPad = "UIInterfaceOrientationLandscapeLeft UIInterfaceOrientationLandscapeRight UIInterfaceOrientationPortrait UIInterfaceOrientationPortraitUpsideDown";
				IPHONEOS_DEPLOYMENT_TARGET = 16.4;
				LD_RUNPATH_SEARCH_PATHS = (
					"$(inherited)",
					"@executable_path/Frameworks",
				);
				MARKETING_VERSION = 1.0;
				PRODUCT_BUNDLE_IDENTIFIER = com.leonweimann.LWNavigator;
				PRODUCT_NAME = "$(TARGET_NAME)";
				SUPPORTED_PLATFORMS = "iphoneos iphonesimulator macosx";
				SUPPORTS_MACCATALYST = NO;
				SUPPORTS_MAC_DESIGNED_FOR_IPHONE_IPAD = NO;
				SWIFT_EMIT_LOC_STRINGS = YES;
				SWIFT_VERSION = 5.0;
				TARGETED_DEVICE_FAMILY = 1;
			};
			name = Debug;
		};
		ABE4835D29B91CF700609E99 /* Release */ = {
			isa = XCBuildConfiguration;
			buildSettings = {
				ASSETCATALOG_COMPILER_APPICON_NAME = AppIcon;
				ASSETCATALOG_COMPILER_GLOBAL_ACCENT_COLOR_NAME = AccentColor;
				CODE_SIGN_STYLE = Automatic;
				CURRENT_PROJECT_VERSION = 1;
				DEVELOPMENT_ASSET_PATHS = "\"LWNavigator MKII/Preview Content\"";
				DEVELOPMENT_TEAM = D385MXT68Z;
				ENABLE_PREVIEWS = YES;
				GENERATE_INFOPLIST_FILE = YES;
				INFOPLIST_KEY_NSLocationWhenInUseUsageDescription = "This App needs your location data for presenting the map";
				INFOPLIST_KEY_UIApplicationSceneManifest_Generation = YES;
				INFOPLIST_KEY_UIApplicationSupportsIndirectInputEvents = YES;
				INFOPLIST_KEY_UILaunchScreen_Generation = YES;
				INFOPLIST_KEY_UISupportedInterfaceOrientations = UIInterfaceOrientationPortrait;
				INFOPLIST_KEY_UISupportedInterfaceOrientations_iPad = "UIInterfaceOrientationLandscapeLeft UIInterfaceOrientationLandscapeRight UIInterfaceOrientationPortrait UIInterfaceOrientationPortraitUpsideDown";
				IPHONEOS_DEPLOYMENT_TARGET = 16.4;
				LD_RUNPATH_SEARCH_PATHS = (
					"$(inherited)",
					"@executable_path/Frameworks",
				);
				MARKETING_VERSION = 1.0;
				PRODUCT_BUNDLE_IDENTIFIER = com.leonweimann.LWNavigator;
				PRODUCT_NAME = "$(TARGET_NAME)";
				SUPPORTED_PLATFORMS = "iphoneos iphonesimulator macosx";
				SUPPORTS_MACCATALYST = NO;
				SUPPORTS_MAC_DESIGNED_FOR_IPHONE_IPAD = NO;
				SWIFT_EMIT_LOC_STRINGS = YES;
				SWIFT_VERSION = 5.0;
				TARGETED_DEVICE_FAMILY = 1;
			};
			name = Release;
		};
/* End XCBuildConfiguration section */

/* Begin XCConfigurationList section */
		ABE4834829B91CF500609E99 /* Build configuration list for PBXProject "LWNavigator" */ = {
			isa = XCConfigurationList;
			buildConfigurations = (
				ABE4835929B91CF700609E99 /* Debug */,
				ABE4835A29B91CF700609E99 /* Release */,
			);
			defaultConfigurationIsVisible = 0;
			defaultConfigurationName = Release;
		};
		ABE4835B29B91CF700609E99 /* Build configuration list for PBXNativeTarget "LWNavigator" */ = {
			isa = XCConfigurationList;
			buildConfigurations = (
				ABE4835C29B91CF700609E99 /* Debug */,
				ABE4835D29B91CF700609E99 /* Release */,
			);
			defaultConfigurationIsVisible = 0;
			defaultConfigurationName = Release;
		};
/* End XCConfigurationList section */
	};
	rootObject = ABE4834529B91CF500609E99 /* Project object */;
}
